
Microsoft Visual Studio Solution File, Format Version 11.00
# Visual Studio 2010
Project("{FAE04EC0-301F-11D3-BF4B-00C04F79EFBC}") = "FSMs_EXER_ANTS_SOLUTION", "Assembly-CSharp.csproj", "{382393E6-E2E3-374A-82EF-358E298A388B}"
EndProject
Global
	GlobalSection(SolutionConfigurationPlatforms) = preSolution
		Debug|Any CPU = Debug|Any CPU
		Release|Any CPU = Release|Any CPU
	EndGlobalSection
	GlobalSection(ProjectConfigurationPlatforms) = postSolution
		{382393E6-E2E3-374A-82EF-358E298A388B}.Debug|Any CPU.ActiveCfg = Debug|Any CPU
		{382393E6-E2E3-374A-82EF-358E298A388B}.Debug|Any CPU.Build.0 = Debug|Any CPU
		{382393E6-E2E3-374A-82EF-358E298A388B}.Release|Any CPU.ActiveCfg = Release|Any CPU
		{382393E6-E2E3-374A-82EF-358E298A388B}.Release|Any CPU.Build.0 = Release|Any CPU
	EndGlobalSection
	GlobalSection(SolutionProperties) = preSolution
		HideSolutionNode = FALSE
	EndGlobalSection
	GlobalSection(MonoDevelopProperties) = preSolution
		StartupItem = Assembly-CSharp.csproj
	EndGlobalSection
EndGlobal
